
Microsoft Visual Studio Solution File, Format Version 12.00
# Visual Studio Version 17
VisualStudioVersion = 17.11.35222.181
MinimumVisualStudioVersion = 10.0.40219.1
Project("{2150E333-8FDC-42A3-9474-1A3956D46DE8}") = "AccessLayer", "AccessLayer", "{0441C4EB-EA5F-445F-8170-E591CA706316}"
EndProject
Project("{2150E333-8FDC-42A3-9474-1A3956D46DE8}") = "BusinessLayer", "BusinessLayer", "{A151C2CB-262F-48B7-A824-21501C26D33F}"
EndProject
Project("{9A19103F-16F7-4668-BE54-9A1E7A4F7556}") = "AccessLayerDLL", "ClassLibrary1\AccessLayerDLL.csproj", "{53E4116E-E873-419A-917F-D5A78071AFA1}"
EndProject
Project("{9A19103F-16F7-4668-BE54-9A1E7A4F7556}") = "BusinessLayer", "BusinessLayer\BusinessLayer.csproj", "{774CCC98-8B61-403C-AC04-798412ACEA65}"
EndProject
Project("{2150E333-8FDC-42A3-9474-1A3956D46DE8}") = "FrontEnd", "FrontEnd", "{A3BCAC83-7901-43A0-94E7-7B8B6AC1DEA3}"
EndProject
Project("{9A19103F-16F7-4668-BE54-9A1E7A4F7556}") = "FrontEndRazor", "FrontEndRazor\FrontEndRazor.csproj", "{6F840439-CD7A-4846-AE8C-FDE6E4EF8A61}"
EndProject
Global
	GlobalSection(SolutionConfigurationPlatforms) = preSolution
		Debug|Any CPU = Debug|Any CPU
		Release|Any CPU = Release|Any CPU
	EndGlobalSection
	GlobalSection(ProjectConfigurationPlatforms) = postSolution
		{53E4116E-E873-419A-917F-D5A78071AFA1}.Debug|Any CPU.ActiveCfg = Debug|Any CPU
		{53E4116E-E873-419A-917F-D5A78071AFA1}.Debug|Any CPU.Build.0 = Debug|Any CPU
		{53E4116E-E873-419A-917F-D5A78071AFA1}.Release|Any CPU.ActiveCfg = Release|Any CPU
		{53E4116E-E873-419A-917F-D5A78071AFA1}.Release|Any CPU.Build.0 = Release|Any CPU
		{774CCC98-8B61-403C-AC04-798412ACEA65}.Debug|Any CPU.ActiveCfg = Debug|Any CPU
		{774CCC98-8B61-403C-AC04-798412ACEA65}.Debug|Any CPU.Build.0 = Debug|Any CPU
		{774CCC98-8B61-403C-AC04-798412ACEA65}.Release|Any CPU.ActiveCfg = Release|Any CPU
		{774CCC98-8B61-403C-AC04-798412ACEA65}.Release|Any CPU.Build.0 = Release|Any CPU
		{6F840439-CD7A-4846-AE8C-FDE6E4EF8A61}.Debug|Any CPU.ActiveCfg = Debug|Any CPU
		{6F840439-CD7A-4846-AE8C-FDE6E4EF8A61}.Debug|Any CPU.Build.0 = Debug|Any CPU
		{6F840439-CD7A-4846-AE8C-FDE6E4EF8A61}.Release|Any CPU.ActiveCfg = Release|Any CPU
		{6F840439-CD7A-4846-AE8C-FDE6E4EF8A61}.Release|Any CPU.Build.0 = Release|Any CPU
	EndGlobalSection
	GlobalSection(SolutionProperties) = preSolution
		HideSolutionNode = FALSE
	EndGlobalSection
	GlobalSection(NestedProjects) = preSolution
		{53E4116E-E873-419A-917F-D5A78071AFA1} = {0441C4EB-EA5F-445F-8170-E591CA706316}
		{774CCC98-8B61-403C-AC04-798412ACEA65} = {A151C2CB-262F-48B7-A824-21501C26D33F}
		{6F840439-CD7A-4846-AE8C-FDE6E4EF8A61} = {A3BCAC83-7901-43A0-94E7-7B8B6AC1DEA3}
	EndGlobalSection
	GlobalSection(ExtensibilityGlobals) = postSolution
		SolutionGuid = {AD173AB7-CBAF-4DFE-8844-29716B7B2550}
	EndGlobalSection
EndGlobal
